
Microsoft Visual Studio Solution File, Format Version 12.00
# Visual Studio Version 17
VisualStudioVersion = 17.14.36429.23 d17.14
MinimumVisualStudioVersion = 10.0.40219.1
Project("{FAE04EC0-301F-11D3-BF4B-00C04F79EFBC}") = "lab7", "lab7.csproj", "{206CA04C-7A93-48E2-9C48-3EA46AC32751}"
EndProject
Global
	GlobalSection(SolutionConfigurationPlatforms) = preSolution
		Debug|Any CPU = Debug|Any CPU
		Release|Any CPU = Release|Any CPU
	EndGlobalSection
	GlobalSection(ProjectConfigurationPlatforms) = postSolution
		{206CA04C-7A93-48E2-9C48-3EA46AC32751}.Debug|Any CPU.ActiveCfg = Debug|Any CPU
		{206CA04C-7A93-48E2-9C48-3EA46AC32751}.Debug|Any CPU.Build.0 = Debug|Any CPU
		{206CA04C-7A93-48E2-9C48-3EA46AC32751}.Release|Any CPU.ActiveCfg = Release|Any CPU
		{206CA04C-7A93-48E2-9C48-3EA46AC32751}.Release|Any CPU.Build.0 = Release|Any CPU
	EndGlobalSection
	GlobalSection(SolutionProperties) = preSolution
		HideSolutionNode = FALSE
	EndGlobalSection
	GlobalSection(ExtensibilityGlobals) = postSolution
		SolutionGuid = {A0F58E32-630C-470F-B48C-6E17AF67A20C}
	EndGlobalSection
EndGlobal
