
Microsoft Visual Studio Solution File, Format Version 12.00
# Visual Studio Version 17
VisualStudioVersion = 17.14.36429.23 d17.14
MinimumVisualStudioVersion = 10.0.40219.1
Project("{8BC9CEB8-8B4A-11D0-8D11-00A0C91BC942}") = "lab2_2", "lab2_2.vcxproj", "{BE160D19-AD35-4272-B687-BD229545E5CE}"
EndProject
Global
	GlobalSection(SolutionConfigurationPlatforms) = preSolution
		Debug|x64 = Debug|x64
		Debug|x86 = Debug|x86
		Release|x64 = Release|x64
		Release|x86 = Release|x86
	EndGlobalSection
	GlobalSection(ProjectConfigurationPlatforms) = postSolution
		{BE160D19-AD35-4272-B687-BD229545E5CE}.Debug|x64.ActiveCfg = Debug|x64
		{BE160D19-AD35-4272-B687-BD229545E5CE}.Debug|x64.Build.0 = Debug|x64
		{BE160D19-AD35-4272-B687-BD229545E5CE}.Debug|x86.ActiveCfg = Debug|Win32
		{BE160D19-AD35-4272-B687-BD229545E5CE}.Debug|x86.Build.0 = Debug|Win32
		{BE160D19-AD35-4272-B687-BD229545E5CE}.Release|x64.ActiveCfg = Release|x64
		{BE160D19-AD35-4272-B687-BD229545E5CE}.Release|x64.Build.0 = Release|x64
		{BE160D19-AD35-4272-B687-BD229545E5CE}.Release|x86.ActiveCfg = Release|Win32
		{BE160D19-AD35-4272-B687-BD229545E5CE}.Release|x86.Build.0 = Release|Win32
	EndGlobalSection
	GlobalSection(SolutionProperties) = preSolution
		HideSolutionNode = FALSE
	EndGlobalSection
	GlobalSection(ExtensibilityGlobals) = postSolution
		SolutionGuid = {DD1576E0-15CB-4F5F-A998-C330EEB69884}
	EndGlobalSection
EndGlobal
