
Microsoft Visual Studio Solution File, Format Version 12.00
# Visual Studio Version 17
VisualStudioVersion = 17.14.36429.23 d17.14
MinimumVisualStudioVersion = 10.0.40219.1
Project("{FAE04EC0-301F-11D3-BF4B-00C04F79EFBC}") = "Lab1", "Lab1.csproj", "{BEE29675-DED1-435A-B137-6640759DB366}"
EndProject
Global
	GlobalSection(SolutionConfigurationPlatforms) = preSolution
		Debug|Any CPU = Debug|Any CPU
		Release|Any CPU = Release|Any CPU
	EndGlobalSection
	GlobalSection(ProjectConfigurationPlatforms) = postSolution
		{BEE29675-DED1-435A-B137-6640759DB366}.Debug|Any CPU.ActiveCfg = Debug|Any CPU
		{BEE29675-DED1-435A-B137-6640759DB366}.Debug|Any CPU.Build.0 = Debug|Any CPU
		{BEE29675-DED1-435A-B137-6640759DB366}.Release|Any CPU.ActiveCfg = Release|Any CPU
		{BEE29675-DED1-435A-B137-6640759DB366}.Release|Any CPU.Build.0 = Release|Any CPU
	EndGlobalSection
	GlobalSection(SolutionProperties) = preSolution
		HideSolutionNode = FALSE
	EndGlobalSection
	GlobalSection(ExtensibilityGlobals) = postSolution
		SolutionGuid = {C9DA8048-AA08-47AB-A0C8-D5D8E4B6F206}
	EndGlobalSection
EndGlobal
